
Microsoft Visual Studio Solution File, Format Version 12.00
# Visual Studio Version 16
VisualStudioVersion = 16.0.29418.71
MinimumVisualStudioVersion = 10.0.40219.1
Project("{FAE04EC0-301F-11D3-BF4B-00C04F79EFBC}") = "TestMVC", "TestMVC\TestMVC.csproj", "{928F85B9-4879-4861-80B2-DBBBC77960A9}"
	ProjectSection(ProjectDependencies) = postProject
		{5A617E5B-632D-4F77-8760-F0F0644D12C3} = {5A617E5B-632D-4F77-8760-F0F0644D12C3}
		{2887A465-D9F0-4DFC-BDAE-6FAA5191A02D} = {2887A465-D9F0-4DFC-BDAE-6FAA5191A02D}
	EndProjectSection
EndProject
Project("{FAE04EC0-301F-11D3-BF4B-00C04F79EFBC}") = "Infrastructure", "Infrastructure\Infrastructure.csproj", "{573BB01B-C7D6-45EE-B8F2-4D98B933FDC1}"
	ProjectSection(ProjectDependencies) = postProject
		{5A617E5B-632D-4F77-8760-F0F0644D12C3} = {5A617E5B-632D-4F77-8760-F0F0644D12C3}
		{2887A465-D9F0-4DFC-BDAE-6FAA5191A02D} = {2887A465-D9F0-4DFC-BDAE-6FAA5191A02D}
	EndProjectSection
EndProject
Project("{FAE04EC0-301F-11D3-BF4B-00C04F79EFBC}") = "Domain", "Domain\Domain.csproj", "{5A617E5B-632D-4F77-8760-F0F0644D12C3}"
EndProject
Project("{FAE04EC0-301F-11D3-BF4B-00C04F79EFBC}") = "Data", "Data\Data.csproj", "{2887A465-D9F0-4DFC-BDAE-6FAA5191A02D}"
EndProject
Global
	GlobalSection(SolutionConfigurationPlatforms) = preSolution
		Debug|Any CPU = Debug|Any CPU
		Release|Any CPU = Release|Any CPU
	EndGlobalSection
	GlobalSection(ProjectConfigurationPlatforms) = postSolution
		{928F85B9-4879-4861-80B2-DBBBC77960A9}.Debug|Any CPU.ActiveCfg = Debug|Any CPU
		{928F85B9-4879-4861-80B2-DBBBC77960A9}.Debug|Any CPU.Build.0 = Debug|Any CPU
		{928F85B9-4879-4861-80B2-DBBBC77960A9}.Release|Any CPU.ActiveCfg = Release|Any CPU
		{928F85B9-4879-4861-80B2-DBBBC77960A9}.Release|Any CPU.Build.0 = Release|Any CPU
		{573BB01B-C7D6-45EE-B8F2-4D98B933FDC1}.Debug|Any CPU.ActiveCfg = Debug|Any CPU
		{573BB01B-C7D6-45EE-B8F2-4D98B933FDC1}.Debug|Any CPU.Build.0 = Debug|Any CPU
		{573BB01B-C7D6-45EE-B8F2-4D98B933FDC1}.Release|Any CPU.ActiveCfg = Release|Any CPU
		{573BB01B-C7D6-45EE-B8F2-4D98B933FDC1}.Release|Any CPU.Build.0 = Release|Any CPU
		{5A617E5B-632D-4F77-8760-F0F0644D12C3}.Debug|Any CPU.ActiveCfg = Debug|Any CPU
		{5A617E5B-632D-4F77-8760-F0F0644D12C3}.Debug|Any CPU.Build.0 = Debug|Any CPU
		{5A617E5B-632D-4F77-8760-F0F0644D12C3}.Release|Any CPU.ActiveCfg = Release|Any CPU
		{5A617E5B-632D-4F77-8760-F0F0644D12C3}.Release|Any CPU.Build.0 = Release|Any CPU
		{2887A465-D9F0-4DFC-BDAE-6FAA5191A02D}.Debug|Any CPU.ActiveCfg = Debug|Any CPU
		{2887A465-D9F0-4DFC-BDAE-6FAA5191A02D}.Debug|Any CPU.Build.0 = Debug|Any CPU
		{2887A465-D9F0-4DFC-BDAE-6FAA5191A02D}.Release|Any CPU.ActiveCfg = Release|Any CPU
		{2887A465-D9F0-4DFC-BDAE-6FAA5191A02D}.Release|Any CPU.Build.0 = Release|Any CPU
	EndGlobalSection
	GlobalSection(SolutionProperties) = preSolution
		HideSolutionNode = FALSE
	EndGlobalSection
	GlobalSection(ExtensibilityGlobals) = postSolution
		SolutionGuid = {F4CAFD62-EB17-4F71-808C-7CC0ED7437F1}
	EndGlobalSection
EndGlobal
